
Microsoft Visual Studio Solution File, Format Version 12.00
# Visual Studio Version 16
VisualStudioVersion = 16.0.31129.286
MinimumVisualStudioVersion = 10.0.40219.1
Project("{FAE04EC0-301F-11D3-BF4B-00C04F79EFBC}") = "RestWithASPNETUdemy", "RestWithASPNETUdemy\RestWithASPNETUdemy.csproj", "{9B590C96-7C0C-4601-A279-58D582D10D82}"
EndProject
Global
	GlobalSection(SolutionConfigurationPlatforms) = preSolution
		Debug|Any CPU = Debug|Any CPU
		Release|Any CPU = Release|Any CPU
	EndGlobalSection
	GlobalSection(ProjectConfigurationPlatforms) = postSolution
		{9B590C96-7C0C-4601-A279-58D582D10D82}.Debug|Any CPU.ActiveCfg = Debug|Any CPU
		{9B590C96-7C0C-4601-A279-58D582D10D82}.Debug|Any CPU.Build.0 = Debug|Any CPU
		{9B590C96-7C0C-4601-A279-58D582D10D82}.Release|Any CPU.ActiveCfg = Release|Any CPU
		{9B590C96-7C0C-4601-A279-58D582D10D82}.Release|Any CPU.Build.0 = Release|Any CPU
	EndGlobalSection
	GlobalSection(SolutionProperties) = preSolution
		HideSolutionNode = FALSE
	EndGlobalSection
	GlobalSection(ExtensibilityGlobals) = postSolution
		SolutionGuid = {EC156042-DA1C-44A8-89F8-B1C75AE167AF}
	EndGlobalSection
EndGlobal
